{
  "name": "web",
  "lockfileVersion": 2,
  "requires": true,
  "packages": {
    "": {
      "dependencies": {
        "@tmilar/furigana-helper": "^0.1.0"
      }
    },
    "node_modules/@tmilar/furigana-helper": {
      "version": "0.1.0",
      "resolved": "https://registry.npmjs.org/@tmilar/furigana-helper/-/furigana-helper-0.1.0.tgz",
      "integrity": "sha512-1FLf814xMnjgNq3PwLHoULcaTFt0Yb5J4XBjPbTzXAFqU8roId6pytML8Ei3bJWiP3jP6NWvz7QCUnD1D4LJPA=="
    }
  },
  "dependencies": {
    "@tmilar/furigana-helper": {
      "version": "0.1.0",
      "resolved": "https://registry.npmjs.org/@tmilar/furigana-helper/-/furigana-helper-0.1.0.tgz",
      "integrity": "sha512-1FLf814xMnjgNq3PwLHoULcaTFt0Yb5J4XBjPbTzXAFqU8roId6pytML8Ei3bJWiP3jP6NWvz7QCUnD1D4LJPA=="
    }
  }
}
